{
  "name": "anuragate-example-jira",
  "version": "1.0.0",
  "lockfileVersion": 3,
  "requires": true,
  "packages": {
    "": {
      "name": "anuragate-example-jira",
      "version": "1.0.0",
      "dependencies": {
        "@anura-gate/watcher-jira": "^0.2.5",
        "dotenv": "^17.3.1"
      },
      "engines": {
        "node": ">=18"
      }
    },
    "node_modules/@anura-gate/watcher-jira": {
      "version": "0.2.5",
      "resolved": "https://registry.npmjs.org/@anura-gate/watcher-jira/-/watcher-jira-0.2.5.tgz",
      "integrity": "sha512-jjQeN7o9BJFu35AW2LVYHUWcmfqc8xyCJXeoS3z83vARWWbOM0Ge/vND+StP+dSRo8ejHo0Af9HipvWrLPeH/Q==",
      "license": "MIT",
      "dependencies": {
        "dotenv": "^17.3.1"
      },
      "bin": {
        "gate-watcher-jira": "cli.js"
      },
      "engines": {
        "node": ">=18"
      }
    },
    "node_modules/dotenv": {
      "version": "17.3.1",
      "resolved": "https://registry.npmjs.org/dotenv/-/dotenv-17.3.1.tgz",
      "integrity": "sha512-IO8C/dzEb6O3F9/twg6ZLXz164a2fhTnEWb95H23Dm4OuN+92NmEAlTrupP9VW6Jm3sO26tQlqyvyi4CsnY9GA==",
      "license": "BSD-2-Clause",
      "engines": {
        "node": ">=12"
      },
      "funding": {
        "url": "https://dotenvx.com"
      }
    }
  }
}
